
Microsoft Visual Studio Solution File, Format Version 12.00
Project("{FAE04EC0-301F-11D3-BF4B-00C04F79EFBC}") = "Requires", "Requires\Requires.csproj", "{8B3FB631-F9B4-4834-B529-8462E4B5A50E}"
EndProject
Project("{FAE04EC0-301F-11D3-BF4B-00C04F79EFBC}") = "Tests", "Tests\Tests.csproj", "{8FA5B818-21D4-4378-AAD1-A59388DD77B5}"
EndProject
Global
	GlobalSection(SolutionConfigurationPlatforms) = preSolution
		Debug|Any CPU = Debug|Any CPU
		Release|Any CPU = Release|Any CPU
	EndGlobalSection
	GlobalSection(ProjectConfigurationPlatforms) = postSolution
		{8B3FB631-F9B4-4834-B529-8462E4B5A50E}.Debug|Any CPU.ActiveCfg = Debug|Any CPU
		{8B3FB631-F9B4-4834-B529-8462E4B5A50E}.Debug|Any CPU.Build.0 = Debug|Any CPU
		{8B3FB631-F9B4-4834-B529-8462E4B5A50E}.Release|Any CPU.ActiveCfg = Release|Any CPU
		{8B3FB631-F9B4-4834-B529-8462E4B5A50E}.Release|Any CPU.Build.0 = Release|Any CPU
		{8FA5B818-21D4-4378-AAD1-A59388DD77B5}.Debug|Any CPU.ActiveCfg = Debug|Any CPU
		{8FA5B818-21D4-4378-AAD1-A59388DD77B5}.Debug|Any CPU.Build.0 = Debug|Any CPU
		{8FA5B818-21D4-4378-AAD1-A59388DD77B5}.Release|Any CPU.ActiveCfg = Release|Any CPU
		{8FA5B818-21D4-4378-AAD1-A59388DD77B5}.Release|Any CPU.Build.0 = Release|Any CPU
	EndGlobalSection
EndGlobal
